// !$*UTF8*$!
{
	archiveVersion = 1;
	classes = {
	};
	objectVersion = 46;
	objects = {

/* Begin PBXBuildFile section */
		171B623B18ACD55500F22464 /* Foundation.framework in Frameworks */ = {isa = PBXBuildFile; fileRef = 171B623A18ACD55500F22464 /* Foundation.framework */; };
		171B623D18ACD55500F22464 /* CoreGraphics.framework in Frameworks */ = {isa = PBXBuildFile; fileRef = 171B623C18ACD55500F22464 /* CoreGraphics.framework */; };
		171B623F18ACD55500F22464 /* UIKit.framework in Frameworks */ = {isa = PBXBuildFile; fileRef = 171B623E18ACD55500F22464 /* UIKit.framework */; };
		171B624518ACD55500F22464 /* InfoPlist.strings in Resources */ = {isa = PBXBuildFile; fileRef = 171B624318ACD55500F22464 /* InfoPlist.strings */; };
		171B624718ACD55500F22464 /* main.m in Sources */ = {isa = PBXBuildFile; fileRef = 171B624618ACD55500F22464 /* main.m */; };
		171B624B18ACD55500F22464 /* TH_AppDelegate.m in Sources */ = {isa = PBXBuildFile; fileRef = 171B624A18ACD55500F22464 /* TH_AppDelegate.m */; };
		171B624E18ACD55500F22464 /* Main_iPhone.storyboard in Resources */ = {isa = PBXBuildFile; fileRef = 171B624C18ACD55500F22464 /* Main_iPhone.storyboard */; };
		171B625118ACD55500F22464 /* Main_iPad.storyboard in Resources */ = {isa = PBXBuildFile; fileRef = 171B624F18ACD55500F22464 /* Main_iPad.storyboard */; };
		171B625418ACD55500F22464 /* TH_ViewController.m in Sources */ = {isa = PBXBuildFile; fileRef = 171B625318ACD55500F22464 /* TH_ViewController.m */; };
		171B625618ACD55500F22464 /* Images.xcassets in Resources */ = {isa = PBXBuildFile; fileRef = 171B625518ACD55500F22464 /* Images.xcassets */; };
		171B625D18ACD55500F22464 /* XCTest.framework in Frameworks */ = {isa = PBXBuildFile; fileRef = 171B625C18ACD55500F22464 /* XCTest.framework */; };
		171B625E18ACD55500F22464 /* Foundation.framework in Frameworks */ = {isa = PBXBuildFile; fileRef = 171B623A18ACD55500F22464 /* Foundation.framework */; };
		171B625F18ACD55500F22464 /* UIKit.framework in Frameworks */ = {isa = PBXBuildFile; fileRef = 171B623E18ACD55500F22464 /* UIKit.framework */; };
		171B626718ACD55500F22464 /* InfoPlist.strings in Resources */ = {isa = PBXBuildFile; fileRef = 171B626518ACD55500F22464 /* InfoPlist.strings */; };
		171B626918ACD55500F22464 /* CarValetTests.m in Sources */ = {isa = PBXBuildFile; fileRef = 171B626818ACD55500F22464 /* CarValetTests.m */; };
		171B627418ACD60100F22464 /* Car.m in Sources */ = {isa = PBXBuildFile; fileRef = 171B627318ACD60100F22464 /* Car.m */; };
/* End PBXBuildFile section */

/* Begin PBXContainerItemProxy section */
		171B626018ACD55500F22464 /* PBXContainerItemProxy */ = {
			isa = PBXContainerItemProxy;
			containerPortal = 171B622F18ACD55500F22464 /* Project object */;
			proxyType = 1;
			remoteGlobalIDString = 171B623618ACD55500F22464;
			remoteInfo = CarValet;
		};
/* End PBXContainerItemProxy section */

/* Begin PBXFileReference section */
		171B623718ACD55500F22464 /* CarValet.app */ = {isa = PBXFileReference; explicitFileType = wrapper.application; includeInIndex = 0; path = CarValet.app; sourceTree = BUILT_PRODUCTS_DIR; };
		171B623A18ACD55500F22464 /* Foundation.framework */ = {isa = PBXFileReference; lastKnownFileType = wrapper.framework; name = Foundation.framework; path = System/Library/Frameworks/Foundation.framework; sourceTree = SDKROOT; };
		171B623C18ACD55500F22464 /* CoreGraphics.framework */ = {isa = PBXFileReference; lastKnownFileType = wrapper.framework; name = CoreGraphics.framework; path = System/Library/Frameworks/CoreGraphics.framework; sourceTree = SDKROOT; };
		171B623E18ACD55500F22464 /* UIKit.framework */ = {isa = PBXFileReference; lastKnownFileType = wrapper.framework; name = UIKit.framework; path = System/Library/Frameworks/UIKit.framework; sourceTree = SDKROOT; };
		171B624218ACD55500F22464 /* CarValet-Info.plist */ = {isa = PBXFileReference; lastKnownFileType = text.plist.xml; path = "CarValet-Info.plist"; sourceTree = "<group>"; };
		171B624418ACD55500F22464 /* en */ = {isa = PBXFileReference; lastKnownFileType = text.plist.strings; name = en; path = en.lproj/InfoPlist.strings; sourceTree = "<group>"; };
		171B624618ACD55500F22464 /* main.m */ = {isa = PBXFileReference; lastKnownFileType = sourcecode.c.objc; path = main.m; sourceTree = "<group>"; };
		171B624818ACD55500F22464 /* CarValet-Prefix.pch */ = {isa = PBXFileReference; lastKnownFileType = sourcecode.c.h; path = "CarValet-Prefix.pch"; sourceTree = "<group>"; };
		171B624918ACD55500F22464 /* TH_AppDelegate.h */ = {isa = PBXFileReference; lastKnownFileType = sourcecode.c.h; path = TH_AppDelegate.h; sourceTree = "<group>"; };
		171B624A18ACD55500F22464 /* TH_AppDelegate.m */ = {isa = PBXFileReference; lastKnownFileType = sourcecode.c.objc; path = TH_AppDelegate.m; sourceTree = "<group>"; };
		171B624D18ACD55500F22464 /* Base */ = {isa = PBXFileReference; lastKnownFileType = file.storyboard; name = Base; path = Base.lproj/Main_iPhone.storyboard; sourceTree = "<group>"; };
		171B625018ACD55500F22464 /* Base */ = {isa = PBXFileReference; lastKnownFileType = file.storyboard; name = Base; path = Base.lproj/Main_iPad.storyboard; sourceTree = "<group>"; };
		171B625218ACD55500F22464 /* TH_ViewController.h */ = {isa = PBXFileReference; lastKnownFileType = sourcecode.c.h; path = TH_ViewController.h; sourceTree = "<group>"; };
		171B625318ACD55500F22464 /* TH_ViewController.m */ = {isa = PBXFileReference; lastKnownFileType = sourcecode.c.objc; path = TH_ViewController.m; sourceTree = "<group>"; };
		171B625518ACD55500F22464 /* Images.xcassets */ = {isa = PBXFileReference; lastKnownFileType = folder.assetcatalog; path = Images.xcassets; sourceTree = "<group>"; };
		171B625B18ACD55500F22464 /* CarValetTests.xctest */ = {isa = PBXFileReference; explicitFileType = wrapper.cfbundle; includeInIndex = 0; path = CarValetTests.xctest; sourceTree = BUILT_PRODUCTS_DIR; };
		171B625C18ACD55500F22464 /* XCTest.framework */ = {isa = PBXFileReference; lastKnownFileType = wrapper.framework; name = XCTest.framework; path = Library/Frameworks/XCTest.framework; sourceTree = DEVELOPER_DIR; };
		171B626418ACD55500F22464 /* CarValetTests-Info.plist */ = {isa = PBXFileReference; lastKnownFileType = text.plist.xml; path = "CarValetTests-Info.plist"; sourceTree = "<group>"; };
		171B626618ACD55500F22464 /* en */ = {isa = PBXFileReference; lastKnownFileType = text.plist.strings; name = en; path = en.lproj/InfoPlist.strings; sourceTree = "<group>"; };
		171B626818ACD55500F22464 /* CarValetTests.m */ = {isa = PBXFileReference; lastKnownFileType = sourcecode.c.objc; path = CarValetTests.m; sourceTree = "<group>"; };
		171B627218ACD60100F22464 /* Car.h */ = {isa = PBXFileReference; fileEncoding = 4; lastKnownFileType = sourcecode.c.h; path = Car.h; sourceTree = "<group>"; };
		171B627318ACD60100F22464 /* Car.m */ = {isa = PBXFileReference; fileEncoding = 4; lastKnownFileType = sourcecode.c.objc; path = Car.m; sourceTree = "<group>"; };
/* End PBXFileReference section */

/* Begin PBXFrameworksBuildPhase section */
		171B623418ACD55500F22464 /* Frameworks */ = {
			isa = PBXFrameworksBuildPhase;
			buildActionMask = 2147483647;
			files = (
				171B623D18ACD55500F22464 /* CoreGraphics.framework in Frameworks */,
				171B623F18ACD55500F22464 /* UIKit.framework in Frameworks */,
				171B623B18ACD55500F22464 /* Foundation.framework in Frameworks */,
			);
			runOnlyForDeploymentPostprocessing = 0;
		};
		171B625818ACD55500F22464 /* Frameworks */ = {
			isa = PBXFrameworksBuildPhase;
			buildActionMask = 2147483647;
			files = (
				171B625D18ACD55500F22464 /* XCTest.framework in Frameworks */,
				171B625F18ACD55500F22464 /* UIKit.framework in Frameworks */,
				171B625E18ACD55500F22464 /* Foundation.framework in Frameworks */,
			);
			runOnlyForDeploymentPostprocessing = 0;
		};
/* End PBXFrameworksBuildPhase section */

/* Begin PBXGroup section */
		171B622E18ACD55500F22464 = {
			isa = PBXGroup;
			children = (
				171B624018ACD55500F22464 /* CarValet */,
				171B626218ACD55500F22464 /* CarValetTests */,
				171B623918ACD55500F22464 /* Frameworks */,
				171B623818ACD55500F22464 /* Products */,
			);
			sourceTree = "<group>";
		};
		171B623818ACD55500F22464 /* Products */ = {
			isa = PBXGroup;
			children = (
				171B623718ACD55500F22464 /* CarValet.app */,
				171B625B18ACD55500F22464 /* CarValetTests.xctest */,
			);
			name = Products;
			sourceTree = "<group>";
		};
		171B623918ACD55500F22464 /* Frameworks */ = {
			isa = PBXGroup;
			children = (
				171B623A18ACD55500F22464 /* Foundation.framework */,
				171B623C18ACD55500F22464 /* CoreGraphics.framework */,
				171B623E18ACD55500F22464 /* UIKit.framework */,
				171B625C18ACD55500F22464 /* XCTest.framework */,
			);
			name = Frameworks;
			sourceTree = "<group>";
		};
		171B624018ACD55500F22464 /* CarValet */ = {
			isa = PBXGroup;
			children = (
				171B624918ACD55500F22464 /* TH_AppDelegate.h */,
				171B624A18ACD55500F22464 /* TH_AppDelegate.m */,
				171B624C18ACD55500F22464 /* Main_iPhone.storyboard */,
				171B624F18ACD55500F22464 /* Main_iPad.storyboard */,
				171B625218ACD55500F22464 /* TH_ViewController.h */,
				171B625318ACD55500F22464 /* TH_ViewController.m */,
				171B625518ACD55500F22464 /* Images.xcassets */,
				171B624118ACD55500F22464 /* Supporting Files */,
				171B627218ACD60100F22464 /* Car.h */,
				171B627318ACD60100F22464 /* Car.m */,
			);
			path = CarValet;
			sourceTree = "<group>";
		};
		171B624118ACD55500F22464 /* Supporting Files */ = {
			isa = PBXGroup;
			children = (
				171B624218ACD55500F22464 /* CarValet-Info.plist */,
				171B624318ACD55500F22464 /* InfoPlist.strings */,
				171B624618ACD55500F22464 /* main.m */,
				171B624818ACD55500F22464 /* CarValet-Prefix.pch */,
			);
			name = "Supporting Files";
			sourceTree = "<group>";
		};
		171B626218ACD55500F22464 /* CarValetTests */ = {
			isa = PBXGroup;
			children = (
				171B626818ACD55500F22464 /* CarValetTests.m */,
				171B626318ACD55500F22464 /* Supporting Files */,
			);
			path = CarValetTests;
			sourceTree = "<group>";
		};
		171B626318ACD55500F22464 /* Supporting Files */ = {
			isa = PBXGroup;
			children = (
				171B626418ACD55500F22464 /* CarValetTests-Info.plist */,
				171B626518ACD55500F22464 /* InfoPlist.strings */,
			);
			name = "Supporting Files";
			sourceTree = "<group>";
		};
/* End PBXGroup section */

/* Begin PBXNativeTarget section */
		171B623618ACD55500F22464 /* CarValet */ = {
			isa = PBXNativeTarget;
			buildConfigurationList = 171B626C18ACD55500F22464 /* Build configuration list for PBXNativeTarget "CarValet" */;
			buildPhases = (
				171B623318ACD55500F22464 /* Sources */,
				171B623418ACD55500F22464 /* Frameworks */,
				171B623518ACD55500F22464 /* Resources */,
			);
			buildRules = (
			);
			dependencies = (
			);
			name = CarValet;
			productName = CarValet;
			productReference = 171B623718ACD55500F22464 /* CarValet.app */;
			productType = "com.apple.product-type.application";
		};
		171B625A18ACD55500F22464 /* CarValetTests */ = {
			isa = PBXNativeTarget;
			buildConfigurationList = 171B626F18ACD55500F22464 /* Build configuration list for PBXNativeTarget "CarValetTests" */;
			buildPhases = (
				171B625718ACD55500F22464 /* Sources */,
				171B625818ACD55500F22464 /* Frameworks */,
				171B625918ACD55500F22464 /* Resources */,
			);
			buildRules = (
			);
			dependencies = (
				171B626118ACD55500F22464 /* PBXTargetDependency */,
			);
			name = CarValetTests;
			productName = CarValetTests;
			productReference = 171B625B18ACD55500F22464 /* CarValetTests.xctest */;
			productType = "com.apple.product-type.bundle.unit-test";
		};
/* End PBXNativeTarget section */

/* Begin PBXProject section */
		171B622F18ACD55500F22464 /* Project object */ = {
			isa = PBXProject;
			attributes = {
				CLASSPREFIX = TH_;
				LastUpgradeCheck = 0500;
				ORGANIZATIONNAME = "Tuan Huynh";
				TargetAttributes = {
					171B625A18ACD55500F22464 = {
						TestTargetID = 171B623618ACD55500F22464;
					};
				};
			};
			buildConfigurationList = 171B623218ACD55500F22464 /* Build configuration list for PBXProject "CarValet" */;
			compatibilityVersion = "Xcode 3.2";
			developmentRegion = English;
			hasScannedForEncodings = 0;
			knownRegions = (
				en,
				Base,
			);
			mainGroup = 171B622E18ACD55500F22464;
			productRefGroup = 171B623818ACD55500F22464 /* Products */;
			projectDirPath = "";
			projectRoot = "";
			targets = (
				171B623618ACD55500F22464 /* CarValet */,
				171B625A18ACD55500F22464 /* CarValetTests */,
			);
		};
/* End PBXProject section */

/* Begin PBXResourcesBuildPhase section */
		171B623518ACD55500F22464 /* Resources */ = {
			isa = PBXResourcesBuildPhase;
			buildActionMask = 2147483647;
			files = (
				171B625118ACD55500F22464 /* Main_iPad.storyboard in Resources */,
				171B625618ACD55500F22464 /* Images.xcassets in Resources */,
				171B624E18ACD55500F22464 /* Main_iPhone.storyboard in Resources */,
				171B624518ACD55500F22464 /* InfoPlist.strings in Resources */,
			);
			runOnlyForDeploymentPostprocessing = 0;
		};
		171B625918ACD55500F22464 /* Resources */ = {
			isa = PBXResourcesBuildPhase;
			buildActionMask = 2147483647;
			files = (
				171B626718ACD55500F22464 /* InfoPlist.strings in Resources */,
			);
			runOnlyForDeploymentPostprocessing = 0;
		};
/* End PBXResourcesBuildPhase section */

/* Begin PBXSourcesBuildPhase section */
		171B623318ACD55500F22464 /* Sources */ = {
			isa = PBXSourcesBuildPhase;
			buildActionMask = 2147483647;
			files = (
				171B624B18ACD55500F22464 /* TH_AppDelegate.m in Sources */,
				171B625418ACD55500F22464 /* TH_ViewController.m in Sources */,
				171B627418ACD60100F22464 /* Car.m in Sources */,
				171B624718ACD55500F22464 /* main.m in Sources */,
			);
			runOnlyForDeploymentPostprocessing = 0;
		};
		171B625718ACD55500F22464 /* Sources */ = {
			isa = PBXSourcesBuildPhase;
			buildActionMask = 2147483647;
			files = (
				171B626918ACD55500F22464 /* CarValetTests.m in Sources */,
			);
			runOnlyForDeploymentPostprocessing = 0;
		};
/* End PBXSourcesBuildPhase section */

/* Begin PBXTargetDependency section */
		171B626118ACD55500F22464 /* PBXTargetDependency */ = {
			isa = PBXTargetDependency;
			target = 171B623618ACD55500F22464 /* CarValet */;
			targetProxy = 171B626018ACD55500F22464 /* PBXContainerItemProxy */;
		};
/* End PBXTargetDependency section */

/* Begin PBXVariantGroup section */
		171B624318ACD55500F22464 /* InfoPlist.strings */ = {
			isa = PBXVariantGroup;
			children = (
				171B624418ACD55500F22464 /* en */,
			);
			name = InfoPlist.strings;
			sourceTree = "<group>";
		};
		171B624C18ACD55500F22464 /* Main_iPhone.storyboard */ = {
			isa = PBXVariantGroup;
			children = (
				171B624D18ACD55500F22464 /* Base */,
			);
			name = Main_iPhone.storyboard;
			sourceTree = "<group>";
		};
		171B624F18ACD55500F22464 /* Main_iPad.storyboard */ = {
			isa = PBXVariantGroup;
			children = (
				171B625018ACD55500F22464 /* Base */,
			);
			name = Main_iPad.storyboard;
			sourceTree = "<group>";
		};
		171B626518ACD55500F22464 /* InfoPlist.strings */ = {
			isa = PBXVariantGroup;
			children = (
				171B626618ACD55500F22464 /* en */,
			);
			name = InfoPlist.strings;
			sourceTree = "<group>";
		};
/* End PBXVariantGroup section */

/* Begin XCBuildConfiguration section */
		171B626A18ACD55500F22464 /* Debug */ = {
			isa = XCBuildConfiguration;
			buildSettings = {
				ALWAYS_SEARCH_USER_PATHS = NO;
				ARCHS = "$(ARCHS_STANDARD_INCLUDING_64_BIT)";
				CLANG_CXX_LANGUAGE_STANDARD = "gnu++0x";
				CLANG_CXX_LIBRARY = "libc++";
				CLANG_ENABLE_MODULES = YES;
				CLANG_ENABLE_OBJC_ARC = YES;
				CLANG_WARN_BOOL_CONVERSION = YES;
				CLANG_WARN_CONSTANT_CONVERSION = YES;
				CLANG_WARN_DIRECT_OBJC_ISA_USAGE = YES_ERROR;
				CLANG_WARN_EMPTY_BODY = YES;
				CLANG_WARN_ENUM_CONVERSION = YES;
				CLANG_WARN_INT_CONVERSION = YES;
				CLANG_WARN_OBJC_ROOT_CLASS = YES_ERROR;
				CLANG_WARN__DUPLICATE_METHOD_MATCH = YES;
				"CODE_SIGN_IDENTITY[sdk=iphoneos*]" = "iPhone Developer";
				COPY_PHASE_STRIP = NO;
				GCC_C_LANGUAGE_STANDARD = gnu99;
				GCC_DYNAMIC_NO_PIC = NO;
				GCC_OPTIMIZATION_LEVEL = 0;
				GCC_PREPROCESSOR_DEFINITIONS = (
					"DEBUG=1",
					"$(inherited)",
				);
				GCC_SYMBOLS_PRIVATE_EXTERN = NO;
				GCC_WARN_64_TO_32_BIT_CONVERSION = YES;
				GCC_WARN_ABOUT_RETURN_TYPE = YES_ERROR;
				GCC_WARN_UNDECLARED_SELECTOR = YES;
				GCC_WARN_UNINITIALIZED_AUTOS = YES;
				GCC_WARN_UNUSED_FUNCTION = YES;
				GCC_WARN_UNUSED_VARIABLE = YES;
				IPHONEOS_DEPLOYMENT_TARGET = 7.0;
				ONLY_ACTIVE_ARCH = YES;
				SDKROOT = iphoneos;
				TARGETED_DEVICE_FAMILY = "1,2";
			};
			name = Debug;
		};
		171B626B18ACD55500F22464 /* Release */ = {
			isa = XCBuildConfiguration;
			buildSettings = {
				ALWAYS_SEARCH_USER_PATHS = NO;
				ARCHS = "$(ARCHS_STANDARD_INCLUDING_64_BIT)";
				CLANG_CXX_LANGUAGE_STANDARD = "gnu++0x";
				CLANG_CXX_LIBRARY = "libc++";
				CLANG_ENABLE_MODULES = YES;
				CLANG_ENABLE_OBJC_ARC = YES;
				CLANG_WARN_BOOL_CONVERSION = YES;
				CLANG_WARN_CONSTANT_CONVERSION = YES;
				CLANG_WARN_DIRECT_OBJC_ISA_USAGE = YES_ERROR;
				CLANG_WARN_EMPTY_BODY = YES;
				CLANG_WARN_ENUM_CONVERSION = YES;
				CLANG_WARN_INT_CONVERSION = YES;
				CLANG_WARN_OBJC_ROOT_CLASS = YES_ERROR;
				CLANG_WARN__DUPLICATE_METHOD_MATCH = YES;
				"CODE_SIGN_IDENTITY[sdk=iphoneos*]" = "iPhone Developer";
				COPY_PHASE_STRIP = YES;
				ENABLE_NS_ASSERTIONS = NO;
				GCC_C_LANGUAGE_STANDARD = gnu99;
				GCC_WARN_64_TO_32_BIT_CONVERSION = YES;
				GCC_WARN_ABOUT_RETURN_TYPE = YES_ERROR;
				GCC_WARN_UNDECLARED_SELECTOR = YES;
				GCC_WARN_UNINITIALIZED_AUTOS = YES;
				GCC_WARN_UNUSED_FUNCTION = YES;
				GCC_WARN_UNUSED_VARIABLE = YES;
				IPHONEOS_DEPLOYMENT_TARGET = 7.0;
				SDKROOT = iphoneos;
				TARGETED_DEVICE_FAMILY = "1,2";
				VALIDATE_PRODUCT = YES;
			};
			name = Release;
		};
		171B626D18ACD55500F22464 /* Debug */ = {
			isa = XCBuildConfiguration;
			buildSettings = {
				ASSETCATALOG_COMPILER_APPICON_NAME = AppIcon;
				ASSETCATALOG_COMPILER_LAUNCHIMAGE_NAME = LaunchImage;
				GCC_PRECOMPILE_PREFIX_HEADER = YES;
				GCC_PREFIX_HEADER = "CarValet/CarValet-Prefix.pch";
				INFOPLIST_FILE = "CarValet/CarValet-Info.plist";
				PRODUCT_NAME = "$(TARGET_NAME)";
				WRAPPER_EXTENSION = app;
			};
			name = Debug;
		};
		171B626E18ACD55500F22464 /* Release */ = {
			isa = XCBuildConfiguration;
			buildSettings = {
				ASSETCATALOG_COMPILER_APPICON_NAME = AppIcon;
				ASSETCATALOG_COMPILER_LAUNCHIMAGE_NAME = LaunchImage;
				GCC_PRECOMPILE_PREFIX_HEADER = YES;
				GCC_PREFIX_HEADER = "CarValet/CarValet-Prefix.pch";
				INFOPLIST_FILE = "CarValet/CarValet-Info.plist";
				PRODUCT_NAME = "$(TARGET_NAME)";
				WRAPPER_EXTENSION = app;
			};
			name = Release;
		};
		171B627018ACD55500F22464 /* Debug */ = {
			isa = XCBuildConfiguration;
			buildSettings = {
				ARCHS = "$(ARCHS_STANDARD_INCLUDING_64_BIT)";
				BUNDLE_LOADER = "$(BUILT_PRODUCTS_DIR)/CarValet.app/CarValet";
				FRAMEWORK_SEARCH_PATHS = (
					"$(SDKROOT)/Developer/Library/Frameworks",
					"$(inherited)",
					"$(DEVELOPER_FRAMEWORKS_DIR)",
				);
				GCC_PRECOMPILE_PREFIX_HEADER = YES;
				GCC_PREFIX_HEADER = "CarValet/CarValet-Prefix.pch";
				GCC_PREPROCESSOR_DEFINITIONS = (
					"DEBUG=1",
					"$(inherited)",
				);
				INFOPLIST_FILE = "CarValetTests/CarValetTests-Info.plist";
				PRODUCT_NAME = "$(TARGET_NAME)";
				TEST_HOST = "$(BUNDLE_LOADER)";
				WRAPPER_EXTENSION = xctest;
			};
			name = Debug;
		};
		171B627118ACD55500F22464 /* Release */ = {
			isa = XCBuildConfiguration;
			buildSettings = {
				ARCHS = "$(ARCHS_STANDARD_INCLUDING_64_BIT)";
				BUNDLE_LOADER = "$(BUILT_PRODUCTS_DIR)/CarValet.app/CarValet";
				FRAMEWORK_SEARCH_PATHS = (
					"$(SDKROOT)/Developer/Library/Frameworks",
					"$(inherited)",
					"$(DEVELOPER_FRAMEWORKS_DIR)",
				);
				GCC_PRECOMPILE_PREFIX_HEADER = YES;
				GCC_PREFIX_HEADER = "CarValet/CarValet-Prefix.pch";
				INFOPLIST_FILE = "CarValetTests/CarValetTests-Info.plist";
				PRODUCT_NAME = "$(TARGET_NAME)";
				TEST_HOST = "$(BUNDLE_LOADER)";
				WRAPPER_EXTENSION = xctest;
			};
			name = Release;
		};
/* End XCBuildConfiguration section */

/* Begin XCConfigurationList section */
		171B623218ACD55500F22464 /* Build configuration list for PBXProject "CarValet" */ = {
			isa = XCConfigurationList;
			buildConfigurations = (
				171B626A18ACD55500F22464 /* Debug */,
				171B626B18ACD55500F22464 /* Release */,
			);
			defaultConfigurationIsVisible = 0;
			defaultConfigurationName = Release;
		};
		171B626C18ACD55500F22464 /* Build configuration list for PBXNativeTarget "CarValet" */ = {
			isa = XCConfigurationList;
			buildConfigurations = (
				171B626D18ACD55500F22464 /* Debug */,
				171B626E18ACD55500F22464 /* Release */,
			);
			defaultConfigurationIsVisible = 0;
		};
		171B626F18ACD55500F22464 /* Build configuration list for PBXNativeTarget "CarValetTests" */ = {
			isa = XCConfigurationList;
			buildConfigurations = (
				171B627018ACD55500F22464 /* Debug */,
				171B627118ACD55500F22464 /* Release */,
			);
			defaultConfigurationIsVisible = 0;
		};
/* End XCConfigurationList section */
	};
	rootObject = 171B622F18ACD55500F22464 /* Project object */;
}
